{
  "name": "hugin",
  "version": "1.0.1",
  "lockfileVersion": 1,
  "requires": true,
  "dependencies": {
    "@episodehunter/kingsguard": {
      "version": "5.0.4",
      "resolved": "https://registry.npmjs.org/@episodehunter/kingsguard/-/kingsguard-5.0.4.tgz",
      "integrity": "sha512-ySVYFko34ZT68UM527fKHQgAnTesgiyCqnjMQB5qZBcguHYgOoUlbyCUJbltt9voZVVwfwa8GNhvQZUDif02Sg=="
    },
    "@episodehunter/logger": {
      "version": "4.1.7",
      "resolved": "https://registry.npmjs.org/@episodehunter/logger/-/logger-4.1.7.tgz",
      "integrity": "sha512-Z8eJv27sx6UOUA/OFDh+sg3/d8UGSRGGtGiq++r0R0nqfAL+x2r0giEUSRWFYZmApkT6cAoSniiflg8tEEiAlg==",
      "requires": {
        "@sentry/node": "^5.6.2",
        "logdna": "^3.3.3"
      }
    },
    "@episodehunter/utils": {
      "version": "1.1.2",
      "resolved": "https://registry.npmjs.org/@episodehunter/utils/-/utils-1.1.2.tgz",
      "integrity": "sha512-89cOrfgP+aLvJmNmZ1q5yO87072YCXtURW85Y9dn0HciCUBBZlrKAuQamCD4q9dp6uczkJvbuYg2w02JLWMqcg=="
    },
    "@sentry/apm": {
      "version": "5.12.4",
      "resolved": "https://registry.npmjs.org/@sentry/apm/-/apm-5.12.4.tgz",
      "integrity": "sha512-CpoGSPtZg1+9bDstnFReNQ80sgaxmacgYxoCafD++cQ61GxjM6oGl9TlTDGUwMHpFiTZHWIsswxEwD1Y1PWukw==",
      "requires": {
        "@sentry/browser": "5.12.4",
        "@sentry/hub": "5.12.4",
        "@sentry/minimal": "5.12.4",
        "@sentry/types": "5.12.4",
        "@sentry/utils": "5.12.4",
        "tslib": "^1.9.3"
      }
    },
    "@sentry/browser": {
      "version": "5.12.4",
      "resolved": "https://registry.npmjs.org/@sentry/browser/-/browser-5.12.4.tgz",
      "integrity": "sha512-D74LtB9sevPpYgczYsbKTcx7IdCxHPuv5JxD9YQfzNmpCzBiwlUGqr3u03SdVOwmdVrzfRLjxO+vYPe071zjbA==",
      "requires": {
        "@sentry/core": "5.12.4",
        "@sentry/types": "5.12.4",
        "@sentry/utils": "5.12.4",
        "tslib": "^1.9.3"
      }
    },
    "@sentry/core": {
      "version": "5.12.4",
      "resolved": "https://registry.npmjs.org/@sentry/core/-/core-5.12.4.tgz",
      "integrity": "sha512-n4ZQxqq78GhYMeY2hiP0pn9Z+/2/yNfXwxnh4o59qagD/NfUe5wj4l8cwMvzFn5I7gy0xmUp3BkJrwsZlAYfUw==",
      "requires": {
        "@sentry/hub": "5.12.4",
        "@sentry/minimal": "5.12.4",
        "@sentry/types": "5.12.4",
        "@sentry/utils": "5.12.4",
        "tslib": "^1.9.3"
      }
    },
    "@sentry/hub": {
      "version": "5.12.4",
      "resolved": "https://registry.npmjs.org/@sentry/hub/-/hub-5.12.4.tgz",
      "integrity": "sha512-x0IGqTXgjRQrrLbjkjYa2qbwSa6dFejM3F29cpwjD7yp87MVkmDy/S7LwFFsjThOzsHXsjQxmPlQB8nu4sIOXw==",
      "requires": {
        "@sentry/types": "5.12.4",
        "@sentry/utils": "5.12.4",
        "tslib": "^1.9.3"
      }
    },
    "@sentry/minimal": {
      "version": "5.12.4",
      "resolved": "https://registry.npmjs.org/@sentry/minimal/-/minimal-5.12.4.tgz",
      "integrity": "sha512-/cDkibXPIXYjboMZ4nSytJmpR/QIT1d0i9qxqlZh4vwsb2mrGdU9KxNvR6G3AXTQNybehm6TGewPo8rGz1GJQQ==",
      "requires": {
        "@sentry/hub": "5.12.4",
        "@sentry/types": "5.12.4",
        "tslib": "^1.9.3"
      }
    },
    "@sentry/node": {
      "version": "5.12.4",
      "resolved": "https://registry.npmjs.org/@sentry/node/-/node-5.12.4.tgz",
      "integrity": "sha512-X8UxFt6g/MBAgy9OQL7arg2+r0l9Rr6iqDQmW+U32G50Dy3uh8i0U6zwMLUh2twNeQqsMldqXGacw2qxnOEVSQ==",
      "requires": {
        "@sentry/apm": "5.12.4",
        "@sentry/core": "5.12.4",
        "@sentry/hub": "5.12.4",
        "@sentry/types": "5.12.4",
        "@sentry/utils": "5.12.4",
        "cookie": "^0.3.1",
        "https-proxy-agent": "^4.0.0",
        "lru_map": "^0.3.3",
        "tslib": "^1.9.3"
      }
    },
    "@sentry/types": {
      "version": "5.12.4",
      "resolved": "https://registry.npmjs.org/@sentry/types/-/types-5.12.4.tgz",
      "integrity": "sha512-JoN3YIp7Z+uxUZArj2B6NcEoXFQDhd0kqO0QpfiHZyg4Dhx2/E2aHuVx0H6Fndk+60iEZSECaCBXe2MOPo4fqA=="
    },
    "@sentry/utils": {
      "version": "5.12.4",
      "resolved": "https://registry.npmjs.org/@sentry/utils/-/utils-5.12.4.tgz",
      "integrity": "sha512-7ISjK+AH676NXtW5n2/MHxEPS0Y2cpIXqJppg7ReVvCFNKHGovKmK4d5yXcP+AoEJt84in3A8D5Y3BONdpjWHQ==",
      "requires": {
        "@sentry/types": "5.12.4",
        "tslib": "^1.9.3"
      }
    },
    "@types/aws-lambda": {
      "version": "8.10.39",
      "resolved": "https://registry.npmjs.org/@types/aws-lambda/-/aws-lambda-8.10.39.tgz",
      "integrity": "sha512-6qxQ4wS636AapVvDbzltI/Xn69QWxjcvohvxd/+MTWzdE9Vqz1xgERr38jEbBGEkyyG8y819nAhjGsiY6KNh1A==",
      "dev": true
    },
    "@types/node": {
      "version": "12.12.21",
      "resolved": "https://registry.npmjs.org/@types/node/-/node-12.12.21.tgz",
      "integrity": "sha512-8sRGhbpU+ck1n0PGAUgVrWrWdjSW2aqNeyC15W88GRsMpSwzv6RJGlLhE7s2RhVSOdyDmxbqlWSeThq4/7xqlA=="
    },
    "@types/node-fetch": {
      "version": "2.5.4",
      "resolved": "https://registry.npmjs.org/@types/node-fetch/-/node-fetch-2.5.4.tgz",
      "integrity": "sha512-Oz6id++2qAOFuOlE1j0ouk1dzl3mmI1+qINPNBhi9nt/gVOz0G+13Ao6qjhdF0Ys+eOkhu6JnFmt38bR3H0POQ==",
      "requires": {
        "@types/node": "*"
      }
    },
    "agent-base": {
      "version": "5.1.1",
      "resolved": "https://registry.npmjs.org/agent-base/-/agent-base-5.1.1.tgz",
      "integrity": "sha512-TMeqbNl2fMW0nMjTEPOwe3J/PRFP4vqeoNuQMG0HlMrtm5QxKqdvAkZ1pRBQ/ulIyDD5Yq0nJ7YbdD8ey0TO3g=="
    },
    "agentkeepalive": {
      "version": "2.2.0",
      "resolved": "https://registry.npmjs.org/agentkeepalive/-/agentkeepalive-2.2.0.tgz",
      "integrity": "sha1-xdG9SxKQCPEWPyNvhuX66iAm4u8="
    },
    "aws-sdk": {
      "version": "2.606.0",
      "resolved": "https://registry.npmjs.org/aws-sdk/-/aws-sdk-2.606.0.tgz",
      "integrity": "sha512-PI4vabKfMdvACzefIpm4cL4Fwji+pQQlK1zPXtz9+JzdPCp5FcEhbpjJucfeMaOByrC2ThXXOdCf1rUhjSiYFg==",
      "dev": true,
      "requires": {
        "buffer": "4.9.1",
        "events": "1.1.1",
        "ieee754": "1.1.13",
        "jmespath": "0.15.0",
        "querystring": "0.2.0",
        "sax": "1.2.1",
        "url": "0.10.3",
        "uuid": "3.3.2",
        "xml2js": "0.4.19"
      },
      "dependencies": {
        "buffer": {
          "version": "4.9.1",
          "resolved": "https://registry.npmjs.org/buffer/-/buffer-4.9.1.tgz",
          "integrity": "sha1-bRu2AbB6TvztlwlBMgkwJ8lbwpg=",
          "dev": true,
          "requires": {
            "base64-js": "^1.0.2",
            "ieee754": "^1.1.4",
            "isarray": "^1.0.0"
          }
        }
      }
    },
    "axios": {
      "version": "0.19.2",
      "resolved": "https://registry.npmjs.org/axios/-/axios-0.19.2.tgz",
      "integrity": "sha512-fjgm5MvRHLhx+osE2xoekY70AhARk3a6hkN+3Io1jc00jtquGvxYlKlsFUhmUET0V5te6CcZI7lcv2Ym61mjHA==",
      "requires": {
        "follow-redirects": "1.5.10"
      }
    },
    "base64-js": {
      "version": "1.3.1",
      "resolved": "https://registry.npmjs.org/base64-js/-/base64-js-1.3.1.tgz",
      "integrity": "sha512-mLQ4i2QO1ytvGWFWmcngKO//JXAQueZvwEKtjgQFM4jIK0kU+ytMfplL8j+n5mspOfjHwoAg+9yhb7BwAHm36g=="
    },
    "buffer": {
      "version": "5.4.3",
      "resolved": "https://registry.npmjs.org/buffer/-/buffer-5.4.3.tgz",
      "integrity": "sha512-zvj65TkFeIt3i6aj5bIvJDzjjQQGs4o/sNoezg1F1kYap9Nu2jcUdpwzRSJTHMMzG0H7bZkn4rNQpImhuxWX2A==",
      "requires": {
        "base64-js": "^1.0.2",
        "ieee754": "^1.1.4"
      }
    },
    "cookie": {
      "version": "0.3.1",
      "resolved": "https://registry.npmjs.org/cookie/-/cookie-0.3.1.tgz",
      "integrity": "sha1-5+Ch+e9DtMi6klxcWpboBtFoc7s="
    },
    "debug": {
      "version": "4.1.1",
      "resolved": "https://registry.npmjs.org/debug/-/debug-4.1.1.tgz",
      "integrity": "sha512-pYAIzeRo8J6KPEaJ0VWOh5Pzkbw/RetuzehGM7QRRX5he4fPHx2rdKMB256ehJCkX+XRQm16eZLqLNS8RSZXZw==",
      "requires": {
        "ms": "^2.1.1"
      }
    },
    "es6-promise": {
      "version": "4.2.8",
      "resolved": "https://registry.npmjs.org/es6-promise/-/es6-promise-4.2.8.tgz",
      "integrity": "sha512-HJDGx5daxeIvxdBxvG2cb9g4tEvwIk3i8+nhX0yGrYmZUzbkdg8QbDevheDB8gd0//uPj4c1EQua8Q+MViT0/w=="
    },
    "events": {
      "version": "1.1.1",
      "resolved": "https://registry.npmjs.org/events/-/events-1.1.1.tgz",
      "integrity": "sha1-nr23Y1rQmccNzEwqH1AEKI6L2SQ=",
      "dev": true
    },
    "follow-redirects": {
      "version": "1.5.10",
      "resolved": "https://registry.npmjs.org/follow-redirects/-/follow-redirects-1.5.10.tgz",
      "integrity": "sha512-0V5l4Cizzvqt5D44aTXbFZz+FtyXV1vrDN6qrelxtfYQKW0KO0W2T/hkE8xvGa/540LkZlkaUjO4ailYTFtHVQ==",
      "requires": {
        "debug": "=3.1.0"
      },
      "dependencies": {
        "debug": {
          "version": "3.1.0",
          "resolved": "https://registry.npmjs.org/debug/-/debug-3.1.0.tgz",
          "integrity": "sha512-OX8XqP7/1a9cqkxYw2yXss15f26NKWBpDXQd0/uK/KPqdQhxbPa994hnzjcE2VqQpDslf55723cKPUOGSmMY3g==",
          "requires": {
            "ms": "2.0.0"
          }
        },
        "ms": {
          "version": "2.0.0",
          "resolved": "https://registry.npmjs.org/ms/-/ms-2.0.0.tgz",
          "integrity": "sha1-VgiurfwAvmwpAd9fmGF4jeDVl8g="
        }
      }
    },
    "https-proxy-agent": {
      "version": "4.0.0",
      "resolved": "https://registry.npmjs.org/https-proxy-agent/-/https-proxy-agent-4.0.0.tgz",
      "integrity": "sha512-zoDhWrkR3of1l9QAL8/scJZyLu8j/gBkcwcaQOZh7Gyh/+uJQzGVETdgT30akuwkpL8HTRfssqI3BZuV18teDg==",
      "requires": {
        "agent-base": "5",
        "debug": "4"
      }
    },
    "ieee754": {
      "version": "1.1.13",
      "resolved": "https://registry.npmjs.org/ieee754/-/ieee754-1.1.13.tgz",
      "integrity": "sha512-4vf7I2LYV/HaWerSo3XmlMkp5eZ83i+/CDluXi/IGTs/O1sejBNhTtnxzmRZfvOUqj7lZjqHkeTvpgSFDlWZTg=="
    },
    "isarray": {
      "version": "1.0.0",
      "resolved": "https://registry.npmjs.org/isarray/-/isarray-1.0.0.tgz",
      "integrity": "sha1-u5NdSFgsuhaMBoNJV6VKPgcSTxE=",
      "dev": true
    },
    "jmespath": {
      "version": "0.15.0",
      "resolved": "https://registry.npmjs.org/jmespath/-/jmespath-0.15.0.tgz",
      "integrity": "sha1-o/Iiqarp+Wb10nx5ZRDigJF2Qhc=",
      "dev": true
    },
    "json-stringify-safe": {
      "version": "5.0.1",
      "resolved": "https://registry.npmjs.org/json-stringify-safe/-/json-stringify-safe-5.0.1.tgz",
      "integrity": "sha1-Epai1Y/UXxmg9s4B1lcB4sc1tus="
    },
    "lodash.bind": {
      "version": "4.2.1",
      "resolved": "https://registry.npmjs.org/lodash.bind/-/lodash.bind-4.2.1.tgz",
      "integrity": "sha1-euMBfpOWIqwxt9fX3LGzTbFpDTU="
    },
    "lodash.clonedeep": {
      "version": "4.5.0",
      "resolved": "https://registry.npmjs.org/lodash.clonedeep/-/lodash.clonedeep-4.5.0.tgz",
      "integrity": "sha1-4j8/nE+Pvd6HJSnBBxhXoIblzO8="
    },
    "lodash.foreach": {
      "version": "4.5.0",
      "resolved": "https://registry.npmjs.org/lodash.foreach/-/lodash.foreach-4.5.0.tgz",
      "integrity": "sha1-Gmo16s5AEoDH8G3d7DUWWrJ+PlM="
    },
    "lodash.isequal": {
      "version": "4.5.0",
      "resolved": "https://registry.npmjs.org/lodash.isequal/-/lodash.isequal-4.5.0.tgz",
      "integrity": "sha1-QVxEePK8wwEgwizhDtMib30+GOA="
    },
    "logdna": {
      "version": "3.5.0",
      "resolved": "https://registry.npmjs.org/logdna/-/logdna-3.5.0.tgz",
      "integrity": "sha512-NBYDe8cQUSOOUSiWzM2zyX35f3KfxoZbLLY5uM9aNIE0LLJeO1zx1L/r9O8ruIXZLufGgEas6YLhDH7W7CTG/A==",
      "requires": {
        "agentkeepalive": "^2.2.0",
        "axios": "^0.19.0",
        "es6-promise": "^4.2.6",
        "json-stringify-safe": "^5.0.1",
        "lodash.bind": "^4.2.1",
        "lodash.clonedeep": "^4.5.0",
        "lodash.foreach": "^4.5.0",
        "lodash.isequal": "^4.5.0",
        "object-sizeof": "^1.0.10",
        "valid-url": "^1.0.9"
      }
    },
    "lru_map": {
      "version": "0.3.3",
      "resolved": "https://registry.npmjs.org/lru_map/-/lru_map-0.3.3.tgz",
      "integrity": "sha1-tcg1G5Rky9dQM1p5ZQoOwOVhGN0="
    },
    "ms": {
      "version": "2.1.2",
      "resolved": "https://registry.npmjs.org/ms/-/ms-2.1.2.tgz",
      "integrity": "sha512-sGkPx+VjMtmA6MX27oA4FBFELFCZZ4S4XqeGOXCv68tT+jb3vk/RyaKWP0PTKyWtmLSM0b+adUTEvbs1PEaH2w=="
    },
    "node-fetch": {
      "version": "2.6.0",
      "resolved": "https://registry.npmjs.org/node-fetch/-/node-fetch-2.6.0.tgz",
      "integrity": "sha512-8dG4H5ujfvFiqDmVu9fQ5bOHUC15JMjMY/Zumv26oOvvVJjM67KF8koCWIabKQ1GJIa9r2mMZscBq/TbdOcmNA=="
    },
    "object-sizeof": {
      "version": "1.5.3",
      "resolved": "https://registry.npmjs.org/object-sizeof/-/object-sizeof-1.5.3.tgz",
      "integrity": "sha512-YtPJaDLJ9PnrwsvEgvsejxuOnc/Uc/keGSRCJ/GNsUincXo7LTHaLKYUmxu6NK4vCtP4TuXclV378mgKv5UfTQ==",
      "requires": {
        "buffer": "^5.4.3"
      }
    },
    "punycode": {
      "version": "1.3.2",
      "resolved": "https://registry.npmjs.org/punycode/-/punycode-1.3.2.tgz",
      "integrity": "sha1-llOgNvt8HuQjQvIyXM7v6jkmxI0=",
      "dev": true
    },
    "querystring": {
      "version": "0.2.0",
      "resolved": "https://registry.npmjs.org/querystring/-/querystring-0.2.0.tgz",
      "integrity": "sha1-sgmEkgO7Jd+CDadW50cAWHhSFiA=",
      "dev": true
    },
    "sax": {
      "version": "1.2.1",
      "resolved": "https://registry.npmjs.org/sax/-/sax-1.2.1.tgz",
      "integrity": "sha1-e45lYZCyKOgaZq6nSEgNgozS03o=",
      "dev": true
    },
    "tslib": {
      "version": "1.11.0",
      "resolved": "https://registry.npmjs.org/tslib/-/tslib-1.11.0.tgz",
      "integrity": "sha512-BmndXUtiTn/VDDrJzQE7Mm22Ix3PxgLltW9bSNLoeCY31gnG2OPx0QqJnuc9oMIKioYrz487i6K9o4Pdn0j+Kg=="
    },
    "typescript": {
      "version": "3.7.5",
      "resolved": "https://registry.npmjs.org/typescript/-/typescript-3.7.5.tgz",
      "integrity": "sha512-/P5lkRXkWHNAbcJIiHPfRoKqyd7bsyCma1hZNUGfn20qm64T6ZBlrzprymeu918H+mB/0rIg2gGK/BXkhhYgBw==",
      "dev": true
    },
    "url": {
      "version": "0.10.3",
      "resolved": "https://registry.npmjs.org/url/-/url-0.10.3.tgz",
      "integrity": "sha1-Ah5NnHcF8hu/N9A861h2dAJ3TGQ=",
      "dev": true,
      "requires": {
        "punycode": "1.3.2",
        "querystring": "0.2.0"
      }
    },
    "uuid": {
      "version": "3.3.2",
      "resolved": "https://registry.npmjs.org/uuid/-/uuid-3.3.2.tgz",
      "integrity": "sha512-yXJmeNaw3DnnKAOKJE51sL/ZaYfWJRl1pK9dr19YFCu0ObS231AB1/LbqTKRAQ5kw8A90rA6fr4riOUpTZvQZA==",
      "dev": true
    },
    "valid-url": {
      "version": "1.0.9",
      "resolved": "https://registry.npmjs.org/valid-url/-/valid-url-1.0.9.tgz",
      "integrity": "sha1-HBRHm0DxOXp1eC8RXkCGRHQzogA="
    },
    "xml2js": {
      "version": "0.4.19",
      "resolved": "https://registry.npmjs.org/xml2js/-/xml2js-0.4.19.tgz",
      "integrity": "sha512-esZnJZJOiJR9wWKMyuvSE1y6Dq5LCuJanqhxslH2bxM6duahNZ+HMpCLhBQGZkbX6xRf8x1Y2eJlgt2q3qo49Q==",
      "dev": true,
      "requires": {
        "sax": ">=0.6.0",
        "xmlbuilder": "~9.0.1"
      }
    },
    "xmlbuilder": {
      "version": "9.0.7",
      "resolved": "https://registry.npmjs.org/xmlbuilder/-/xmlbuilder-9.0.7.tgz",
      "integrity": "sha1-Ey7mPS7FVlxVfiD0wi35rKaGsQ0=",
      "dev": true
    }
  }
}
