{
  "name": "@episodehunter/logger",
  "version": "4.2.3",
  "lockfileVersion": 1,
  "requires": true,
  "dependencies": {
    "@sentry/core": {
      "version": "6.0.0",
      "resolved": "https://registry.npmjs.org/@sentry/core/-/core-6.0.0.tgz",
      "integrity": "sha512-afAiOachs/WfGWc9LsJBFnJMhqQVENyzfSMnf7sLRvxPAw8n7IrXY0R09MKmG0SlAnTKN2pWoQFzFF+J3NuHBA==",
      "requires": {
        "@sentry/hub": "6.0.0",
        "@sentry/minimal": "6.0.0",
        "@sentry/types": "6.0.0",
        "@sentry/utils": "6.0.0",
        "tslib": "^1.9.3"
      }
    },
    "@sentry/hub": {
      "version": "6.0.0",
      "resolved": "https://registry.npmjs.org/@sentry/hub/-/hub-6.0.0.tgz",
      "integrity": "sha512-s8IsW6LvEH7ACnniQcxxb/9uEyjmoQ/TAoryTJN2qyPzzrHTw8NCyMuJvK+8ivUvRViz5AvtuOFf8AJlh9lzeA==",
      "requires": {
        "@sentry/types": "6.0.0",
        "@sentry/utils": "6.0.0",
        "tslib": "^1.9.3"
      }
    },
    "@sentry/minimal": {
      "version": "6.0.0",
      "resolved": "https://registry.npmjs.org/@sentry/minimal/-/minimal-6.0.0.tgz",
      "integrity": "sha512-daYdEzTr+ERMwViu6RpWHOfk0oZrSNqdx+7bejTqmFHqO4pt+9ZrMiw3vinL+MWQcKXwD95uXBz6O/ryrVdPtg==",
      "requires": {
        "@sentry/hub": "6.0.0",
        "@sentry/types": "6.0.0",
        "tslib": "^1.9.3"
      }
    },
    "@sentry/node": {
      "version": "6.0.0",
      "resolved": "https://registry.npmjs.org/@sentry/node/-/node-6.0.0.tgz",
      "integrity": "sha512-YPCHZtJeh7rougAg173pwp9vL1v3J4uOBJ+QCscqHoNbGl5XNO1ZO32T+il74Ra6qVWc9pCyqozUjvW5GL+rNQ==",
      "requires": {
        "@sentry/core": "6.0.0",
        "@sentry/hub": "6.0.0",
        "@sentry/tracing": "6.0.0",
        "@sentry/types": "6.0.0",
        "@sentry/utils": "6.0.0",
        "cookie": "^0.4.1",
        "https-proxy-agent": "^5.0.0",
        "lru_map": "^0.3.3",
        "tslib": "^1.9.3"
      }
    },
    "@sentry/tracing": {
      "version": "6.0.0",
      "resolved": "https://registry.npmjs.org/@sentry/tracing/-/tracing-6.0.0.tgz",
      "integrity": "sha512-7Qes5godGCuvcEBxynFuRT5iiFR5aOfBdvdPmWnx29XbZKQvhjvBsDtdoVSQUmv/nCLtpH6UWeLwddFvXh3A2w==",
      "requires": {
        "@sentry/hub": "6.0.0",
        "@sentry/minimal": "6.0.0",
        "@sentry/types": "6.0.0",
        "@sentry/utils": "6.0.0",
        "tslib": "^1.9.3"
      }
    },
    "@sentry/types": {
      "version": "6.0.0",
      "resolved": "https://registry.npmjs.org/@sentry/types/-/types-6.0.0.tgz",
      "integrity": "sha512-yueRSRGPCahuju/UMdtOt8LIIncbpwLINQd9Q8E4OXtoPpMHR6Oun8sMKCPd+Wq3piI5yRDzKkGCl+sH7mHVrA=="
    },
    "@sentry/utils": {
      "version": "6.0.0",
      "resolved": "https://registry.npmjs.org/@sentry/utils/-/utils-6.0.0.tgz",
      "integrity": "sha512-dMMWOT69bQ4CF1R33dOnXIOyiHRWsUAON3nFVljV1JNNTDA69YwaF9f5FIT0DKpO4qhgTlElsm8WgHI9prAVEQ==",
      "requires": {
        "@sentry/types": "6.0.0",
        "tslib": "^1.9.3"
      }
    },
    "@types/aws-lambda": {
      "version": "8.10.70",
      "resolved": "https://registry.npmjs.org/@types/aws-lambda/-/aws-lambda-8.10.70.tgz",
      "integrity": "sha512-adaPn39OKMIzCxaf2KHBu4d3MJKLGdm27zxAyag+rAI1UTwgtgEgrwRpuzN1NDMZn/i6vRxJZRbsSmlw7I0/Sg==",
      "dev": true
    },
    "@types/node": {
      "version": "14.14.21",
      "resolved": "https://registry.npmjs.org/@types/node/-/node-14.14.21.tgz",
      "integrity": "sha512-cHYfKsnwllYhjOzuC5q1VpguABBeecUp24yFluHpn/BQaVxB1CuQ1FSRZCzrPxrkIfWISXV2LbeoBthLWg0+0A==",
      "dev": true
    },
    "@types/node-fetch": {
      "version": "2.5.8",
      "resolved": "https://registry.npmjs.org/@types/node-fetch/-/node-fetch-2.5.8.tgz",
      "integrity": "sha512-fbjI6ja0N5ZA8TV53RUqzsKNkl9fv8Oj3T7zxW7FGv1GSH7gwJaNF8dzCjrqKaxKeUpTz4yT1DaJFq/omNpGfw==",
      "dev": true,
      "requires": {
        "@types/node": "*",
        "form-data": "^3.0.0"
      }
    },
    "agent-base": {
      "version": "6.0.2",
      "resolved": "https://registry.npmjs.org/agent-base/-/agent-base-6.0.2.tgz",
      "integrity": "sha512-RZNwNclF7+MS/8bDg70amg32dyeZGZxiDuQmZxKLAlQjr3jGyLx+4Kkk58UO7D2QdgFIQCovuSuZESne6RG6XQ==",
      "requires": {
        "debug": "4"
      }
    },
    "agentkeepalive": {
      "version": "2.2.0",
      "resolved": "https://registry.npmjs.org/agentkeepalive/-/agentkeepalive-2.2.0.tgz",
      "integrity": "sha1-xdG9SxKQCPEWPyNvhuX66iAm4u8="
    },
    "asynckit": {
      "version": "0.4.0",
      "resolved": "https://registry.npmjs.org/asynckit/-/asynckit-0.4.0.tgz",
      "integrity": "sha1-x57Zf380y48robyXkLzDZkdLS3k=",
      "dev": true
    },
    "axios": {
      "version": "0.19.2",
      "resolved": "https://registry.npmjs.org/axios/-/axios-0.19.2.tgz",
      "integrity": "sha512-fjgm5MvRHLhx+osE2xoekY70AhARk3a6hkN+3Io1jc00jtquGvxYlKlsFUhmUET0V5te6CcZI7lcv2Ym61mjHA==",
      "requires": {
        "follow-redirects": "1.5.10"
      }
    },
    "base64-js": {
      "version": "1.3.1",
      "resolved": "https://registry.npmjs.org/base64-js/-/base64-js-1.3.1.tgz",
      "integrity": "sha512-mLQ4i2QO1ytvGWFWmcngKO//JXAQueZvwEKtjgQFM4jIK0kU+ytMfplL8j+n5mspOfjHwoAg+9yhb7BwAHm36g=="
    },
    "buffer": {
      "version": "5.6.0",
      "resolved": "https://registry.npmjs.org/buffer/-/buffer-5.6.0.tgz",
      "integrity": "sha512-/gDYp/UtU0eA1ys8bOs9J6a+E/KWIY+DZ+Q2WESNUA0jFRsJOc0SNUO6xJ5SGA1xueg3NL65W6s+NY5l9cunuw==",
      "requires": {
        "base64-js": "^1.0.2",
        "ieee754": "^1.1.4"
      }
    },
    "combined-stream": {
      "version": "1.0.8",
      "resolved": "https://registry.npmjs.org/combined-stream/-/combined-stream-1.0.8.tgz",
      "integrity": "sha512-FQN4MRfuJeHf7cBbBMJFXhKSDq+2kAArBlmRBvcvFE5BB1HZKXtSFASDhdlz9zOYwxh8lDdnvmMOe/+5cdoEdg==",
      "dev": true,
      "requires": {
        "delayed-stream": "~1.0.0"
      }
    },
    "cookie": {
      "version": "0.4.1",
      "resolved": "https://registry.npmjs.org/cookie/-/cookie-0.4.1.tgz",
      "integrity": "sha512-ZwrFkGJxUR3EIoXtO+yVE69Eb7KlixbaeAWfBQB9vVsNn/o+Yw69gBWSSDK825hQNdN+wF8zELf3dFNl/kxkUA=="
    },
    "debug": {
      "version": "4.3.1",
      "resolved": "https://registry.npmjs.org/debug/-/debug-4.3.1.tgz",
      "integrity": "sha512-doEwdvm4PCeK4K3RQN2ZC2BYUBaxwLARCqZmMjtF8a51J2Rb0xpVloFRnCODwqjpwnAoao4pelN8l3RJdv3gRQ==",
      "requires": {
        "ms": "2.1.2"
      }
    },
    "delayed-stream": {
      "version": "1.0.0",
      "resolved": "https://registry.npmjs.org/delayed-stream/-/delayed-stream-1.0.0.tgz",
      "integrity": "sha1-3zrhmayt+31ECqrgsp4icrJOxhk=",
      "dev": true
    },
    "es6-promise": {
      "version": "4.2.8",
      "resolved": "https://registry.npmjs.org/es6-promise/-/es6-promise-4.2.8.tgz",
      "integrity": "sha512-HJDGx5daxeIvxdBxvG2cb9g4tEvwIk3i8+nhX0yGrYmZUzbkdg8QbDevheDB8gd0//uPj4c1EQua8Q+MViT0/w=="
    },
    "follow-redirects": {
      "version": "1.5.10",
      "resolved": "https://registry.npmjs.org/follow-redirects/-/follow-redirects-1.5.10.tgz",
      "integrity": "sha512-0V5l4Cizzvqt5D44aTXbFZz+FtyXV1vrDN6qrelxtfYQKW0KO0W2T/hkE8xvGa/540LkZlkaUjO4ailYTFtHVQ==",
      "requires": {
        "debug": "=3.1.0"
      },
      "dependencies": {
        "debug": {
          "version": "3.1.0",
          "resolved": "https://registry.npmjs.org/debug/-/debug-3.1.0.tgz",
          "integrity": "sha512-OX8XqP7/1a9cqkxYw2yXss15f26NKWBpDXQd0/uK/KPqdQhxbPa994hnzjcE2VqQpDslf55723cKPUOGSmMY3g==",
          "requires": {
            "ms": "2.0.0"
          }
        },
        "ms": {
          "version": "2.0.0",
          "resolved": "https://registry.npmjs.org/ms/-/ms-2.0.0.tgz",
          "integrity": "sha1-VgiurfwAvmwpAd9fmGF4jeDVl8g="
        }
      }
    },
    "form-data": {
      "version": "3.0.0",
      "resolved": "https://registry.npmjs.org/form-data/-/form-data-3.0.0.tgz",
      "integrity": "sha512-CKMFDglpbMi6PyN+brwB9Q/GOw0eAnsrEZDgcsH5Krhz5Od/haKHAX0NmQfha2zPPz0JpWzA7GJHGSnvCRLWsg==",
      "dev": true,
      "requires": {
        "asynckit": "^0.4.0",
        "combined-stream": "^1.0.8",
        "mime-types": "^2.1.12"
      }
    },
    "https-proxy-agent": {
      "version": "5.0.0",
      "resolved": "https://registry.npmjs.org/https-proxy-agent/-/https-proxy-agent-5.0.0.tgz",
      "integrity": "sha512-EkYm5BcKUGiduxzSt3Eppko+PiNWNEpa4ySk9vTC6wDsQJW9rHSa+UhGNJoRYp7bz6Ht1eaRIa6QaJqO5rCFbA==",
      "requires": {
        "agent-base": "6",
        "debug": "4"
      }
    },
    "ieee754": {
      "version": "1.1.13",
      "resolved": "https://registry.npmjs.org/ieee754/-/ieee754-1.1.13.tgz",
      "integrity": "sha512-4vf7I2LYV/HaWerSo3XmlMkp5eZ83i+/CDluXi/IGTs/O1sejBNhTtnxzmRZfvOUqj7lZjqHkeTvpgSFDlWZTg=="
    },
    "json-stringify-safe": {
      "version": "5.0.1",
      "resolved": "https://registry.npmjs.org/json-stringify-safe/-/json-stringify-safe-5.0.1.tgz",
      "integrity": "sha1-Epai1Y/UXxmg9s4B1lcB4sc1tus="
    },
    "lodash.bind": {
      "version": "4.2.1",
      "resolved": "https://registry.npmjs.org/lodash.bind/-/lodash.bind-4.2.1.tgz",
      "integrity": "sha1-euMBfpOWIqwxt9fX3LGzTbFpDTU="
    },
    "lodash.clonedeep": {
      "version": "4.5.0",
      "resolved": "https://registry.npmjs.org/lodash.clonedeep/-/lodash.clonedeep-4.5.0.tgz",
      "integrity": "sha1-4j8/nE+Pvd6HJSnBBxhXoIblzO8="
    },
    "lodash.foreach": {
      "version": "4.5.0",
      "resolved": "https://registry.npmjs.org/lodash.foreach/-/lodash.foreach-4.5.0.tgz",
      "integrity": "sha1-Gmo16s5AEoDH8G3d7DUWWrJ+PlM="
    },
    "lodash.isequal": {
      "version": "4.5.0",
      "resolved": "https://registry.npmjs.org/lodash.isequal/-/lodash.isequal-4.5.0.tgz",
      "integrity": "sha1-QVxEePK8wwEgwizhDtMib30+GOA="
    },
    "logdna": {
      "version": "3.5.1",
      "resolved": "https://registry.npmjs.org/logdna/-/logdna-3.5.1.tgz",
      "integrity": "sha512-7D1h85fSK74TWqsENwmYrwbGFAk3P+Cl/V9tGZYrAybewDdelx3SXcp5e1iN7vRoSj8SzJ4PSgGmEYa2maCh7A==",
      "requires": {
        "agentkeepalive": "^2.2.0",
        "axios": "^0.19.0",
        "es6-promise": "^4.2.6",
        "json-stringify-safe": "^5.0.1",
        "lodash.bind": "^4.2.1",
        "lodash.clonedeep": "^4.5.0",
        "lodash.foreach": "^4.5.0",
        "lodash.isequal": "^4.5.0",
        "object-sizeof": "^1.0.10",
        "valid-url": "^1.0.9"
      }
    },
    "lru_map": {
      "version": "0.3.3",
      "resolved": "https://registry.npmjs.org/lru_map/-/lru_map-0.3.3.tgz",
      "integrity": "sha1-tcg1G5Rky9dQM1p5ZQoOwOVhGN0="
    },
    "mime-db": {
      "version": "1.45.0",
      "resolved": "https://registry.npmjs.org/mime-db/-/mime-db-1.45.0.tgz",
      "integrity": "sha512-CkqLUxUk15hofLoLyljJSrukZi8mAtgd+yE5uO4tqRZsdsAJKv0O+rFMhVDRJgozy+yG6md5KwuXhD4ocIoP+w==",
      "dev": true
    },
    "mime-types": {
      "version": "2.1.28",
      "resolved": "https://registry.npmjs.org/mime-types/-/mime-types-2.1.28.tgz",
      "integrity": "sha512-0TO2yJ5YHYr7M2zzT7gDU1tbwHxEUWBCLt0lscSNpcdAfFyJOVEpRYNS7EXVcTLNj/25QO8gulHC5JtTzSE2UQ==",
      "dev": true,
      "requires": {
        "mime-db": "1.45.0"
      }
    },
    "ms": {
      "version": "2.1.2",
      "resolved": "https://registry.npmjs.org/ms/-/ms-2.1.2.tgz",
      "integrity": "sha512-sGkPx+VjMtmA6MX27oA4FBFELFCZZ4S4XqeGOXCv68tT+jb3vk/RyaKWP0PTKyWtmLSM0b+adUTEvbs1PEaH2w=="
    },
    "node-fetch": {
      "version": "2.6.1",
      "resolved": "https://registry.npmjs.org/node-fetch/-/node-fetch-2.6.1.tgz",
      "integrity": "sha512-V4aYg89jEoVRxRb2fJdAg8FHvI7cEyYdVAh94HH0UIK8oJxUfkjlDQN9RbMx+bEjP7+ggMiFRprSti032Oipxw=="
    },
    "object-sizeof": {
      "version": "1.6.1",
      "resolved": "https://registry.npmjs.org/object-sizeof/-/object-sizeof-1.6.1.tgz",
      "integrity": "sha512-gNKGcRnDRXwEpAdwUY3Ef+aVZIrcQVXozSaVzHz6Pv4JxysH8vf5F+nIgsqW5T/YNwZNveh0mIW7PEH1O2MrDw==",
      "requires": {
        "buffer": "^5.6.0"
      }
    },
    "tslib": {
      "version": "1.14.1",
      "resolved": "https://registry.npmjs.org/tslib/-/tslib-1.14.1.tgz",
      "integrity": "sha512-Xni35NKzjgMrwevysHTCArtLDpPvye8zV/0E4EyYn43P7/7qvQwPh9BGkHewbMulVntbigmcT7rdX3BNo9wRJg=="
    },
    "typescript": {
      "version": "4.1.3",
      "resolved": "https://registry.npmjs.org/typescript/-/typescript-4.1.3.tgz",
      "integrity": "sha512-B3ZIOf1IKeH2ixgHhj6la6xdwR9QrLC5d1VKeCSY4tvkqhF2eqd9O7txNlS0PO3GrBAFIdr3L1ndNwteUbZLYg==",
      "dev": true
    },
    "valid-url": {
      "version": "1.0.9",
      "resolved": "https://registry.npmjs.org/valid-url/-/valid-url-1.0.9.tgz",
      "integrity": "sha1-HBRHm0DxOXp1eC8RXkCGRHQzogA="
    }
  }
}
